// !$*UTF8*$!
{
	archiveVersion = 1;
	classes = {
	};
	objectVersion = 50;
	objects = {

/* Begin PBXBuildFile section */
		F68CCDFA2387B0E2000B093F /* AppDelegate.swift in Sources */ = {isa = PBXBuildFile; fileRef = F68CCDF92387B0E2000B093F /* AppDelegate.swift */; };
		F68CCDFC2387B0E2000B093F /* SceneDelegate.swift in Sources */ = {isa = PBXBuildFile; fileRef = F68CCDFB2387B0E2000B093F /* SceneDelegate.swift */; };
		F68CCDFE2387B0E2000B093F /* ViewController.swift in Sources */ = {isa = PBXBuildFile; fileRef = F68CCDFD2387B0E2000B093F /* ViewController.swift */; };
		F68CCE012387B0E2000B093F /* Main.storyboard in Resources */ = {isa = PBXBuildFile; fileRef = F68CCDFF2387B0E2000B093F /* Main.storyboard */; };
		F68CCE032387B0E8000B093F /* Assets.xcassets in Resources */ = {isa = PBXBuildFile; fileRef = F68CCE022387B0E8000B093F /* Assets.xcassets */; };
		F68CCE062387B0E8000B093F /* LaunchScreen.storyboard in Resources */ = {isa = PBXBuildFile; fileRef = F68CCE042387B0E8000B093F /* LaunchScreen.storyboard */; };
		F68CCE112387B0E8000B093F /* SetGameTests.swift in Sources */ = {isa = PBXBuildFile; fileRef = F68CCE102387B0E8000B093F /* SetGameTests.swift */; };
		F68CCE1C2387B0E8000B093F /* SetGameUITests.swift in Sources */ = {isa = PBXBuildFile; fileRef = F68CCE1B2387B0E8000B093F /* SetGameUITests.swift */; };
		F68CCE2E2387B278000B093F /* Card.swift in Sources */ = {isa = PBXBuildFile; fileRef = F68CCE2D2387B278000B093F /* Card.swift */; };
		F68CCE302387E5B0000B093F /* SetGame.swift in Sources */ = {isa = PBXBuildFile; fileRef = F68CCE2F2387E5B0000B093F /* SetGame.swift */; };
		F68CCE32238BD891000B093F /* Shape.swift in Sources */ = {isa = PBXBuildFile; fileRef = F68CCE31238BD891000B093F /* Shape.swift */; };
		F6D1219B23F297160046C537 /* Grid.swift in Sources */ = {isa = PBXBuildFile; fileRef = F6D1219A23F297160046C537 /* Grid.swift */; };
		F6D1219D23F2972D0046C537 /* CardView.swift in Sources */ = {isa = PBXBuildFile; fileRef = F6D1219C23F2972D0046C537 /* CardView.swift */; };
/* End PBXBuildFile section */

/* Begin PBXContainerItemProxy section */
		F68CCE0D2387B0E8000B093F /* PBXContainerItemProxy */ = {
			isa = PBXContainerItemProxy;
			containerPortal = F68CCDEE2387B0E1000B093F /* Project object */;
			proxyType = 1;
			remoteGlobalIDString = F68CCDF52387B0E1000B093F;
			remoteInfo = SetGame;
		};
		F68CCE182387B0E8000B093F /* PBXContainerItemProxy */ = {
			isa = PBXContainerItemProxy;
			containerPortal = F68CCDEE2387B0E1000B093F /* Project object */;
			proxyType = 1;
			remoteGlobalIDString = F68CCDF52387B0E1000B093F;
			remoteInfo = SetGame;
		};
/* End PBXContainerItemProxy section */

/* Begin PBXFileReference section */
		F68CCDF62387B0E1000B093F /* SetGame.app */ = {isa = PBXFileReference; explicitFileType = wrapper.application; includeInIndex = 0; path = SetGame.app; sourceTree = BUILT_PRODUCTS_DIR; };
		F68CCDF92387B0E2000B093F /* AppDelegate.swift */ = {isa = PBXFileReference; lastKnownFileType = sourcecode.swift; path = AppDelegate.swift; sourceTree = "<group>"; };
		F68CCDFB2387B0E2000B093F /* SceneDelegate.swift */ = {isa = PBXFileReference; lastKnownFileType = sourcecode.swift; path = SceneDelegate.swift; sourceTree = "<group>"; };
		F68CCDFD2387B0E2000B093F /* ViewController.swift */ = {isa = PBXFileReference; lastKnownFileType = sourcecode.swift; path = ViewController.swift; sourceTree = "<group>"; };
		F68CCE002387B0E2000B093F /* Base */ = {isa = PBXFileReference; lastKnownFileType = file.storyboard; name = Base; path = Base.lproj/Main.storyboard; sourceTree = "<group>"; };
		F68CCE022387B0E8000B093F /* Assets.xcassets */ = {isa = PBXFileReference; lastKnownFileType = folder.assetcatalog; path = Assets.xcassets; sourceTree = "<group>"; };
		F68CCE052387B0E8000B093F /* Base */ = {isa = PBXFileReference; lastKnownFileType = file.storyboard; name = Base; path = Base.lproj/LaunchScreen.storyboard; sourceTree = "<group>"; };
		F68CCE072387B0E8000B093F /* Info.plist */ = {isa = PBXFileReference; lastKnownFileType = text.plist.xml; path = Info.plist; sourceTree = "<group>"; };
		F68CCE0C2387B0E8000B093F /* SetGameTests.xctest */ = {isa = PBXFileReference; explicitFileType = wrapper.cfbundle; includeInIndex = 0; path = SetGameTests.xctest; sourceTree = BUILT_PRODUCTS_DIR; };
		F68CCE102387B0E8000B093F /* SetGameTests.swift */ = {isa = PBXFileReference; lastKnownFileType = sourcecode.swift; path = SetGameTests.swift; sourceTree = "<group>"; };
		F68CCE122387B0E8000B093F /* Info.plist */ = {isa = PBXFileReference; lastKnownFileType = text.plist.xml; path = Info.plist; sourceTree = "<group>"; };
		F68CCE172387B0E8000B093F /* SetGameUITests.xctest */ = {isa = PBXFileReference; explicitFileType = wrapper.cfbundle; includeInIndex = 0; path = SetGameUITests.xctest; sourceTree = BUILT_PRODUCTS_DIR; };
		F68CCE1B2387B0E8000B093F /* SetGameUITests.swift */ = {isa = PBXFileReference; lastKnownFileType = sourcecode.swift; path = SetGameUITests.swift; sourceTree = "<group>"; };
		F68CCE1D2387B0E8000B093F /* Info.plist */ = {isa = PBXFileReference; lastKnownFileType = text.plist.xml; path = Info.plist; sourceTree = "<group>"; };
		F68CCE2D2387B278000B093F /* Card.swift */ = {isa = PBXFileReference; lastKnownFileType = sourcecode.swift; path = Card.swift; sourceTree = "<group>"; };
		F68CCE2F2387E5B0000B093F /* SetGame.swift */ = {isa = PBXFileReference; lastKnownFileType = sourcecode.swift; path = SetGame.swift; sourceTree = "<group>"; };
		F68CCE31238BD891000B093F /* Shape.swift */ = {isa = PBXFileReference; lastKnownFileType = sourcecode.swift; path = Shape.swift; sourceTree = "<group>"; };
		F6D1219A23F297160046C537 /* Grid.swift */ = {isa = PBXFileReference; fileEncoding = 4; lastKnownFileType = sourcecode.swift; path = Grid.swift; sourceTree = "<group>"; };
		F6D1219C23F2972D0046C537 /* CardView.swift */ = {isa = PBXFileReference; lastKnownFileType = sourcecode.swift; path = CardView.swift; sourceTree = "<group>"; };
/* End PBXFileReference section */

/* Begin PBXFrameworksBuildPhase section */
		F68CCDF32387B0E1000B093F /* Frameworks */ = {
			isa = PBXFrameworksBuildPhase;
			buildActionMask = 2147483647;
			files = (
			);
			runOnlyForDeploymentPostprocessing = 0;
		};
		F68CCE092387B0E8000B093F /* Frameworks */ = {
			isa = PBXFrameworksBuildPhase;
			buildActionMask = 2147483647;
			files = (
			);
			runOnlyForDeploymentPostprocessing = 0;
		};
		F68CCE142387B0E8000B093F /* Frameworks */ = {
			isa = PBXFrameworksBuildPhase;
			buildActionMask = 2147483647;
			files = (
			);
			runOnlyForDeploymentPostprocessing = 0;
		};
/* End PBXFrameworksBuildPhase section */

/* Begin PBXGroup section */
		F68CCDED2387B0E1000B093F = {
			isa = PBXGroup;
			children = (
				F68CCDF82387B0E1000B093F /* SetGame */,
				F68CCE0F2387B0E8000B093F /* SetGameTests */,
				F68CCE1A2387B0E8000B093F /* SetGameUITests */,
				F68CCDF72387B0E1000B093F /* Products */,
			);
			sourceTree = "<group>";
		};
		F68CCDF72387B0E1000B093F /* Products */ = {
			isa = PBXGroup;
			children = (
				F68CCDF62387B0E1000B093F /* SetGame.app */,
				F68CCE0C2387B0E8000B093F /* SetGameTests.xctest */,
				F68CCE172387B0E8000B093F /* SetGameUITests.xctest */,
			);
			name = Products;
			sourceTree = "<group>";
		};
		F68CCDF82387B0E1000B093F /* SetGame */ = {
			isa = PBXGroup;
			children = (
				F68CCE2C2387B20C000B093F /* view */,
				F68CCE2B2387B1EE000B093F /* model */,
				F68CCE2A2387B1DC000B093F /* controller */,
				F68CCE292387B1B3000B093F /* HelperFiles */,
				F68CCE022387B0E8000B093F /* Assets.xcassets */,
				F68CCE072387B0E8000B093F /* Info.plist */,
			);
			path = SetGame;
			sourceTree = "<group>";
		};
		F68CCE0F2387B0E8000B093F /* SetGameTests */ = {
			isa = PBXGroup;
			children = (
				F68CCE102387B0E8000B093F /* SetGameTests.swift */,
				F68CCE122387B0E8000B093F /* Info.plist */,
			);
			path = SetGameTests;
			sourceTree = "<group>";
		};
		F68CCE1A2387B0E8000B093F /* SetGameUITests */ = {
			isa = PBXGroup;
			children = (
				F68CCE1B2387B0E8000B093F /* SetGameUITests.swift */,
				F68CCE1D2387B0E8000B093F /* Info.plist */,
			);
			path = SetGameUITests;
			sourceTree = "<group>";
		};
		F68CCE292387B1B3000B093F /* HelperFiles */ = {
			isa = PBXGroup;
			children = (
				F68CCDFB2387B0E2000B093F /* SceneDelegate.swift */,
				F68CCDF92387B0E2000B093F /* AppDelegate.swift */,
			);
			path = HelperFiles;
			sourceTree = "<group>";
		};
		F68CCE2A2387B1DC000B093F /* controller */ = {
			isa = PBXGroup;
			children = (
				F68CCDFD2387B0E2000B093F /* ViewController.swift */,
			);
			path = controller;
			sourceTree = "<group>";
		};
		F68CCE2B2387B1EE000B093F /* model */ = {
			isa = PBXGroup;
			children = (
				F68CCE2D2387B278000B093F /* Card.swift */,
				F68CCE2F2387E5B0000B093F /* SetGame.swift */,
				F68CCE31238BD891000B093F /* Shape.swift */,
			);
			path = model;
			sourceTree = "<group>";
		};
		F68CCE2C2387B20C000B093F /* view */ = {
			isa = PBXGroup;
			children = (
				F6D1219A23F297160046C537 /* Grid.swift */,
				F68CCE042387B0E8000B093F /* LaunchScreen.storyboard */,
				F68CCDFF2387B0E2000B093F /* Main.storyboard */,
				F6D1219C23F2972D0046C537 /* CardView.swift */,
			);
			path = view;
			sourceTree = "<group>";
		};
/* End PBXGroup section */

/* Begin PBXNativeTarget section */
		F68CCDF52387B0E1000B093F /* SetGame */ = {
			isa = PBXNativeTarget;
			buildConfigurationList = F68CCE202387B0E8000B093F /* Build configuration list for PBXNativeTarget "SetGame" */;
			buildPhases = (
				F68CCDF22387B0E1000B093F /* Sources */,
				F68CCDF32387B0E1000B093F /* Frameworks */,
				F68CCDF42387B0E1000B093F /* Resources */,
			);
			buildRules = (
			);
			dependencies = (
			);
			name = SetGame;
			productName = SetGame;
			productReference = F68CCDF62387B0E1000B093F /* SetGame.app */;
			productType = "com.apple.product-type.application";
		};
		F68CCE0B2387B0E8000B093F /* SetGameTests */ = {
			isa = PBXNativeTarget;
			buildConfigurationList = F68CCE232387B0E8000B093F /* Build configuration list for PBXNativeTarget "SetGameTests" */;
			buildPhases = (
				F68CCE082387B0E8000B093F /* Sources */,
				F68CCE092387B0E8000B093F /* Frameworks */,
				F68CCE0A2387B0E8000B093F /* Resources */,
			);
			buildRules = (
			);
			dependencies = (
				F68CCE0E2387B0E8000B093F /* PBXTargetDependency */,
			);
			name = SetGameTests;
			productName = SetGameTests;
			productReference = F68CCE0C2387B0E8000B093F /* SetGameTests.xctest */;
			productType = "com.apple.product-type.bundle.unit-test";
		};
		F68CCE162387B0E8000B093F /* SetGameUITests */ = {
			isa = PBXNativeTarget;
			buildConfigurationList = F68CCE262387B0E8000B093F /* Build configuration list for PBXNativeTarget "SetGameUITests" */;
			buildPhases = (
				F68CCE132387B0E8000B093F /* Sources */,
				F68CCE142387B0E8000B093F /* Frameworks */,
				F68CCE152387B0E8000B093F /* Resources */,
			);
			buildRules = (
			);
			dependencies = (
				F68CCE192387B0E8000B093F /* PBXTargetDependency */,
			);
			name = SetGameUITests;
			productName = SetGameUITests;
			productReference = F68CCE172387B0E8000B093F /* SetGameUITests.xctest */;
			productType = "com.apple.product-type.bundle.ui-testing";
		};
/* End PBXNativeTarget section */

/* Begin PBXProject section */
		F68CCDEE2387B0E1000B093F /* Project object */ = {
			isa = PBXProject;
			attributes = {
				LastSwiftUpdateCheck = 1100;
				LastUpgradeCheck = 1100;
				ORGANIZATIONNAME = Himani;
				TargetAttributes = {
					F68CCDF52387B0E1000B093F = {
						CreatedOnToolsVersion = 11.0;
					};
					F68CCE0B2387B0E8000B093F = {
						CreatedOnToolsVersion = 11.0;
						TestTargetID = F68CCDF52387B0E1000B093F;
					};
					F68CCE162387B0E8000B093F = {
						CreatedOnToolsVersion = 11.0;
						TestTargetID = F68CCDF52387B0E1000B093F;
					};
				};
			};
			buildConfigurationList = F68CCDF12387B0E1000B093F /* Build configuration list for PBXProject "SetGame" */;
			compatibilityVersion = "Xcode 9.3";
			developmentRegion = en;
			hasScannedForEncodings = 0;
			knownRegions = (
				en,
				Base,
			);
			mainGroup = F68CCDED2387B0E1000B093F;
			productRefGroup = F68CCDF72387B0E1000B093F /* Products */;
			projectDirPath = "";
			projectRoot = "";
			targets = (
				F68CCDF52387B0E1000B093F /* SetGame */,
				F68CCE0B2387B0E8000B093F /* SetGameTests */,
				F68CCE162387B0E8000B093F /* SetGameUITests */,
			);
		};
/* End PBXProject section */

/* Begin PBXResourcesBuildPhase section */
		F68CCDF42387B0E1000B093F /* Resources */ = {
			isa = PBXResourcesBuildPhase;
			buildActionMask = 2147483647;
			files = (
				F68CCE062387B0E8000B093F /* LaunchScreen.storyboard in Resources */,
				F68CCE032387B0E8000B093F /* Assets.xcassets in Resources */,
				F68CCE012387B0E2000B093F /* Main.storyboard in Resources */,
			);
			runOnlyForDeploymentPostprocessing = 0;
		};
		F68CCE0A2387B0E8000B093F /* Resources */ = {
			isa = PBXResourcesBuildPhase;
			buildActionMask = 2147483647;
			files = (
			);
			runOnlyForDeploymentPostprocessing = 0;
		};
		F68CCE152387B0E8000B093F /* Resources */ = {
			isa = PBXResourcesBuildPhase;
			buildActionMask = 2147483647;
			files = (
			);
			runOnlyForDeploymentPostprocessing = 0;
		};
/* End PBXResourcesBuildPhase section */

/* Begin PBXSourcesBuildPhase section */
		F68CCDF22387B0E1000B093F /* Sources */ = {
			isa = PBXSourcesBuildPhase;
			buildActionMask = 2147483647;
			files = (
				F68CCDFE2387B0E2000B093F /* ViewController.swift in Sources */,
				F68CCE32238BD891000B093F /* Shape.swift in Sources */,
				F68CCDFA2387B0E2000B093F /* AppDelegate.swift in Sources */,
				F68CCE302387E5B0000B093F /* SetGame.swift in Sources */,
				F68CCDFC2387B0E2000B093F /* SceneDelegate.swift in Sources */,
				F6D1219B23F297160046C537 /* Grid.swift in Sources */,
				F6D1219D23F2972D0046C537 /* CardView.swift in Sources */,
				F68CCE2E2387B278000B093F /* Card.swift in Sources */,
			);
			runOnlyForDeploymentPostprocessing = 0;
		};
		F68CCE082387B0E8000B093F /* Sources */ = {
			isa = PBXSourcesBuildPhase;
			buildActionMask = 2147483647;
			files = (
				F68CCE112387B0E8000B093F /* SetGameTests.swift in Sources */,
			);
			runOnlyForDeploymentPostprocessing = 0;
		};
		F68CCE132387B0E8000B093F /* Sources */ = {
			isa = PBXSourcesBuildPhase;
			buildActionMask = 2147483647;
			files = (
				F68CCE1C2387B0E8000B093F /* SetGameUITests.swift in Sources */,
			);
			runOnlyForDeploymentPostprocessing = 0;
		};
/* End PBXSourcesBuildPhase section */

/* Begin PBXTargetDependency section */
		F68CCE0E2387B0E8000B093F /* PBXTargetDependency */ = {
			isa = PBXTargetDependency;
			target = F68CCDF52387B0E1000B093F /* SetGame */;
			targetProxy = F68CCE0D2387B0E8000B093F /* PBXContainerItemProxy */;
		};
		F68CCE192387B0E8000B093F /* PBXTargetDependency */ = {
			isa = PBXTargetDependency;
			target = F68CCDF52387B0E1000B093F /* SetGame */;
			targetProxy = F68CCE182387B0E8000B093F /* PBXContainerItemProxy */;
		};
/* End PBXTargetDependency section */

/* Begin PBXVariantGroup section */
		F68CCDFF2387B0E2000B093F /* Main.storyboard */ = {
			isa = PBXVariantGroup;
			children = (
				F68CCE002387B0E2000B093F /* Base */,
			);
			name = Main.storyboard;
			sourceTree = "<group>";
		};
		F68CCE042387B0E8000B093F /* LaunchScreen.storyboard */ = {
			isa = PBXVariantGroup;
			children = (
				F68CCE052387B0E8000B093F /* Base */,
			);
			name = LaunchScreen.storyboard;
			sourceTree = "<group>";
		};
/* End PBXVariantGroup section */

/* Begin XCBuildConfiguration section */
		F68CCE1E2387B0E8000B093F /* Debug */ = {
			isa = XCBuildConfiguration;
			buildSettings = {
				ALWAYS_SEARCH_USER_PATHS = NO;
				CLANG_ANALYZER_NONNULL = YES;
				CLANG_ANALYZER_NUMBER_OBJECT_CONVERSION = YES_AGGRESSIVE;
				CLANG_CXX_LANGUAGE_STANDARD = "gnu++14";
				CLANG_CXX_LIBRARY = "libc++";
				CLANG_ENABLE_MODULES = YES;
				CLANG_ENABLE_OBJC_ARC = YES;
				CLANG_ENABLE_OBJC_WEAK = YES;
				CLANG_WARN_BLOCK_CAPTURE_AUTORELEASING = YES;
				CLANG_WARN_BOOL_CONVERSION = YES;
				CLANG_WARN_COMMA = YES;
				CLANG_WARN_CONSTANT_CONVERSION = YES;
				CLANG_WARN_DEPRECATED_OBJC_IMPLEMENTATIONS = YES;
				CLANG_WARN_DIRECT_OBJC_ISA_USAGE = YES_ERROR;
				CLANG_WARN_DOCUMENTATION_COMMENTS = YES;
				CLANG_WARN_EMPTY_BODY = YES;
				CLANG_WARN_ENUM_CONVERSION = YES;
				CLANG_WARN_INFINITE_RECURSION = YES;
				CLANG_WARN_INT_CONVERSION = YES;
				CLANG_WARN_NON_LITERAL_NULL_CONVERSION = YES;
				CLANG_WARN_OBJC_IMPLICIT_RETAIN_SELF = YES;
				CLANG_WARN_OBJC_LITERAL_CONVERSION = YES;
				CLANG_WARN_OBJC_ROOT_CLASS = YES_ERROR;
				CLANG_WARN_RANGE_LOOP_ANALYSIS = YES;
				CLANG_WARN_STRICT_PROTOTYPES = YES;
				CLANG_WARN_SUSPICIOUS_MOVE = YES;
				CLANG_WARN_UNGUARDED_AVAILABILITY = YES_AGGRESSIVE;
				CLANG_WARN_UNREACHABLE_CODE = YES;
				CLANG_WARN__DUPLICATE_METHOD_MATCH = YES;
				COPY_PHASE_STRIP = NO;
				DEBUG_INFORMATION_FORMAT = dwarf;
				ENABLE_STRICT_OBJC_MSGSEND = YES;
				ENABLE_TESTABILITY = YES;
				GCC_C_LANGUAGE_STANDARD = gnu11;
				GCC_DYNAMIC_NO_PIC = NO;
				GCC_NO_COMMON_BLOCKS = YES;
				GCC_OPTIMIZATION_LEVEL = 0;
				GCC_PREPROCESSOR_DEFINITIONS = (
					"DEBUG=1",
					"$(inherited)",
				);
				GCC_WARN_64_TO_32_BIT_CONVERSION = YES;
				GCC_WARN_ABOUT_RETURN_TYPE = YES_ERROR;
				GCC_WARN_UNDECLARED_SELECTOR = YES;
				GCC_WARN_UNINITIALIZED_AUTOS = YES_AGGRESSIVE;
				GCC_WARN_UNUSED_FUNCTION = YES;
				GCC_WARN_UNUSED_VARIABLE = YES;
				IPHONEOS_DEPLOYMENT_TARGET = 13.0;
				MTL_ENABLE_DEBUG_INFO = INCLUDE_SOURCE;
				MTL_FAST_MATH = YES;
				ONLY_ACTIVE_ARCH = YES;
				SDKROOT = iphoneos;
				SWIFT_ACTIVE_COMPILATION_CONDITIONS = DEBUG;
				SWIFT_OPTIMIZATION_LEVEL = "-Onone";
			};
			name = Debug;
		};
		F68CCE1F2387B0E8000B093F /* Release */ = {
			isa = XCBuildConfiguration;
			buildSettings = {
				ALWAYS_SEARCH_USER_PATHS = NO;
				CLANG_ANALYZER_NONNULL = YES;
				CLANG_ANALYZER_NUMBER_OBJECT_CONVERSION = YES_AGGRESSIVE;
				CLANG_CXX_LANGUAGE_STANDARD = "gnu++14";
				CLANG_CXX_LIBRARY = "libc++";
				CLANG_ENABLE_MODULES = YES;
				CLANG_ENABLE_OBJC_ARC = YES;
				CLANG_ENABLE_OBJC_WEAK = YES;
				CLANG_WARN_BLOCK_CAPTURE_AUTORELEASING = YES;
				CLANG_WARN_BOOL_CONVERSION = YES;
				CLANG_WARN_COMMA = YES;
				CLANG_WARN_CONSTANT_CONVERSION = YES;
				CLANG_WARN_DEPRECATED_OBJC_IMPLEMENTATIONS = YES;
				CLANG_WARN_DIRECT_OBJC_ISA_USAGE = YES_ERROR;
				CLANG_WARN_DOCUMENTATION_COMMENTS = YES;
				CLANG_WARN_EMPTY_BODY = YES;
				CLANG_WARN_ENUM_CONVERSION = YES;
				CLANG_WARN_INFINITE_RECURSION = YES;
				CLANG_WARN_INT_CONVERSION = YES;
				CLANG_WARN_NON_LITERAL_NULL_CONVERSION = YES;
				CLANG_WARN_OBJC_IMPLICIT_RETAIN_SELF = YES;
				CLANG_WARN_OBJC_LITERAL_CONVERSION = YES;
				CLANG_WARN_OBJC_ROOT_CLASS = YES_ERROR;
				CLANG_WARN_RANGE_LOOP_ANALYSIS = YES;
				CLANG_WARN_STRICT_PROTOTYPES = YES;
				CLANG_WARN_SUSPICIOUS_MOVE = YES;
				CLANG_WARN_UNGUARDED_AVAILABILITY = YES_AGGRESSIVE;
				CLANG_WARN_UNREACHABLE_CODE = YES;
				CLANG_WARN__DUPLICATE_METHOD_MATCH = YES;
				COPY_PHASE_STRIP = NO;
				DEBUG_INFORMATION_FORMAT = "dwarf-with-dsym";
				ENABLE_NS_ASSERTIONS = NO;
				ENABLE_STRICT_OBJC_MSGSEND = YES;
				GCC_C_LANGUAGE_STANDARD = gnu11;
				GCC_NO_COMMON_BLOCKS = YES;
				GCC_WARN_64_TO_32_BIT_CONVERSION = YES;
				GCC_WARN_ABOUT_RETURN_TYPE = YES_ERROR;
				GCC_WARN_UNDECLARED_SELECTOR = YES;
				GCC_WARN_UNINITIALIZED_AUTOS = YES_AGGRESSIVE;
				GCC_WARN_UNUSED_FUNCTION = YES;
				GCC_WARN_UNUSED_VARIABLE = YES;
				IPHONEOS_DEPLOYMENT_TARGET = 13.0;
				MTL_ENABLE_DEBUG_INFO = NO;
				MTL_FAST_MATH = YES;
				SDKROOT = iphoneos;
				SWIFT_COMPILATION_MODE = wholemodule;
				SWIFT_OPTIMIZATION_LEVEL = "-O";
				VALIDATE_PRODUCT = YES;
			};
			name = Release;
		};
		F68CCE212387B0E8000B093F /* Debug */ = {
			isa = XCBuildConfiguration;
			buildSettings = {
				ASSETCATALOG_COMPILER_APPICON_NAME = AppIcon;
				CODE_SIGN_STYLE = Automatic;
				DEVELOPMENT_TEAM = NKQ23J2P42;
				INFOPLIST_FILE = SetGame/Info.plist;
				LD_RUNPATH_SEARCH_PATHS = (
					"$(inherited)",
					"@executable_path/Frameworks",
				);
				PRODUCT_BUNDLE_IDENTIFIER = com.himani.SetGame;
				PRODUCT_NAME = "$(TARGET_NAME)";
				SWIFT_VERSION = 5.0;
				TARGETED_DEVICE_FAMILY = "1,2";
			};
			name = Debug;
		};
		F68CCE222387B0E8000B093F /* Release */ = {
			isa = XCBuildConfiguration;
			buildSettings = {
				ASSETCATALOG_COMPILER_APPICON_NAME = AppIcon;
				CODE_SIGN_STYLE = Automatic;
				DEVELOPMENT_TEAM = NKQ23J2P42;
				INFOPLIST_FILE = SetGame/Info.plist;
				LD_RUNPATH_SEARCH_PATHS = (
					"$(inherited)",
					"@executable_path/Frameworks",
				);
				PRODUCT_BUNDLE_IDENTIFIER = com.himani.SetGame;
				PRODUCT_NAME = "$(TARGET_NAME)";
				SWIFT_VERSION = 5.0;
				TARGETED_DEVICE_FAMILY = "1,2";
			};
			name = Release;
		};
		F68CCE242387B0E8000B093F /* Debug */ = {
			isa = XCBuildConfiguration;
			buildSettings = {
				ALWAYS_EMBED_SWIFT_STANDARD_LIBRARIES = YES;
				BUNDLE_LOADER = "$(TEST_HOST)";
				CODE_SIGN_STYLE = Automatic;
				DEVELOPMENT_TEAM = NKQ23J2P42;
				INFOPLIST_FILE = SetGameTests/Info.plist;
				IPHONEOS_DEPLOYMENT_TARGET = 13.0;
				LD_RUNPATH_SEARCH_PATHS = (
					"$(inherited)",
					"@executable_path/Frameworks",
					"@loader_path/Frameworks",
				);
				PRODUCT_BUNDLE_IDENTIFIER = com.himani.SetGameTests;
				PRODUCT_NAME = "$(TARGET_NAME)";
				SWIFT_VERSION = 5.0;
				TARGETED_DEVICE_FAMILY = "1,2";
				TEST_HOST = "$(BUILT_PRODUCTS_DIR)/SetGame.app/SetGame";
			};
			name = Debug;
		};
		F68CCE252387B0E8000B093F /* Release */ = {
			isa = XCBuildConfiguration;
			buildSettings = {
				ALWAYS_EMBED_SWIFT_STANDARD_LIBRARIES = YES;
				BUNDLE_LOADER = "$(TEST_HOST)";
				CODE_SIGN_STYLE = Automatic;
				DEVELOPMENT_TEAM = NKQ23J2P42;
				INFOPLIST_FILE = SetGameTests/Info.plist;
				IPHONEOS_DEPLOYMENT_TARGET = 13.0;
				LD_RUNPATH_SEARCH_PATHS = (
					"$(inherited)",
					"@executable_path/Frameworks",
					"@loader_path/Frameworks",
				);
				PRODUCT_BUNDLE_IDENTIFIER = com.himani.SetGameTests;
				PRODUCT_NAME = "$(TARGET_NAME)";
				SWIFT_VERSION = 5.0;
				TARGETED_DEVICE_FAMILY = "1,2";
				TEST_HOST = "$(BUILT_PRODUCTS_DIR)/SetGame.app/SetGame";
			};
			name = Release;
		};
		F68CCE272387B0E8000B093F /* Debug */ = {
			isa = XCBuildConfiguration;
			buildSettings = {
				ALWAYS_EMBED_SWIFT_STANDARD_LIBRARIES = YES;
				CODE_SIGN_STYLE = Automatic;
				DEVELOPMENT_TEAM = NKQ23J2P42;
				INFOPLIST_FILE = SetGameUITests/Info.plist;
				LD_RUNPATH_SEARCH_PATHS = (
					"$(inherited)",
					"@executable_path/Frameworks",
					"@loader_path/Frameworks",
				);
				PRODUCT_BUNDLE_IDENTIFIER = com.himani.SetGameUITests;
				PRODUCT_NAME = "$(TARGET_NAME)";
				SWIFT_VERSION = 5.0;
				TARGETED_DEVICE_FAMILY = "1,2";
				TEST_TARGET_NAME = SetGame;
			};
			name = Debug;
		};
		F68CCE282387B0E8000B093F /* Release */ = {
			isa = XCBuildConfiguration;
			buildSettings = {
				ALWAYS_EMBED_SWIFT_STANDARD_LIBRARIES = YES;
				CODE_SIGN_STYLE = Automatic;
				DEVELOPMENT_TEAM = NKQ23J2P42;
				INFOPLIST_FILE = SetGameUITests/Info.plist;
				LD_RUNPATH_SEARCH_PATHS = (
					"$(inherited)",
					"@executable_path/Frameworks",
					"@loader_path/Frameworks",
				);
				PRODUCT_BUNDLE_IDENTIFIER = com.himani.SetGameUITests;
				PRODUCT_NAME = "$(TARGET_NAME)";
				SWIFT_VERSION = 5.0;
				TARGETED_DEVICE_FAMILY = "1,2";
				TEST_TARGET_NAME = SetGame;
			};
			name = Release;
		};
/* End XCBuildConfiguration section */

/* Begin XCConfigurationList section */
		F68CCDF12387B0E1000B093F /* Build configuration list for PBXProject "SetGame" */ = {
			isa = XCConfigurationList;
			buildConfigurations = (
				F68CCE1E2387B0E8000B093F /* Debug */,
				F68CCE1F2387B0E8000B093F /* Release */,
			);
			defaultConfigurationIsVisible = 0;
			defaultConfigurationName = Release;
		};
		F68CCE202387B0E8000B093F /* Build configuration list for PBXNativeTarget "SetGame" */ = {
			isa = XCConfigurationList;
			buildConfigurations = (
				F68CCE212387B0E8000B093F /* Debug */,
				F68CCE222387B0E8000B093F /* Release */,
			);
			defaultConfigurationIsVisible = 0;
			defaultConfigurationName = Release;
		};
		F68CCE232387B0E8000B093F /* Build configuration list for PBXNativeTarget "SetGameTests" */ = {
			isa = XCConfigurationList;
			buildConfigurations = (
				F68CCE242387B0E8000B093F /* Debug */,
				F68CCE252387B0E8000B093F /* Release */,
			);
			defaultConfigurationIsVisible = 0;
			defaultConfigurationName = Release;
		};
		F68CCE262387B0E8000B093F /* Build configuration list for PBXNativeTarget "SetGameUITests" */ = {
			isa = XCConfigurationList;
			buildConfigurations = (
				F68CCE272387B0E8000B093F /* Debug */,
				F68CCE282387B0E8000B093F /* Release */,
			);
			defaultConfigurationIsVisible = 0;
			defaultConfigurationName = Release;
		};
/* End XCConfigurationList section */
	};
	rootObject = F68CCDEE2387B0E1000B093F /* Project object */;
}
